
Microsoft Visual Studio Solution File, Format Version 12.00
# Visual Studio Version 17
VisualStudioVersion = 17.11.35303.130
MinimumVisualStudioVersion = 10.0.40219.1
Project("{8BC9CEB8-8B4A-11D0-8D11-00A0C91BC942}") = "Lighting_intro", "Lighting_intro\Lighting_intro.vcxproj", "{768F09F9-5EC2-4C07-86E2-C29651D3A748}"
EndProject
Project("{8BC9CEB8-8B4A-11D0-8D11-00A0C91BC942}") = "Phong_Model", "Phong_Model\Phong_Model.vcxproj", "{9C511B1F-8BB1-4910-A1B0-3E9CF0B23B80}"
EndProject
Global
	GlobalSection(SolutionConfigurationPlatforms) = preSolution
		Debug|x64 = Debug|x64
		Debug|x86 = Debug|x86
		Release|x64 = Release|x64
		Release|x86 = Release|x86
	EndGlobalSection
	GlobalSection(ProjectConfigurationPlatforms) = postSolution
		{768F09F9-5EC2-4C07-86E2-C29651D3A748}.Debug|x64.ActiveCfg = Debug|x64
		{768F09F9-5EC2-4C07-86E2-C29651D3A748}.Debug|x64.Build.0 = Debug|x64
		{768F09F9-5EC2-4C07-86E2-C29651D3A748}.Debug|x86.ActiveCfg = Debug|Win32
		{768F09F9-5EC2-4C07-86E2-C29651D3A748}.Debug|x86.Build.0 = Debug|Win32
		{768F09F9-5EC2-4C07-86E2-C29651D3A748}.Release|x64.ActiveCfg = Release|x64
		{768F09F9-5EC2-4C07-86E2-C29651D3A748}.Release|x64.Build.0 = Release|x64
		{768F09F9-5EC2-4C07-86E2-C29651D3A748}.Release|x86.ActiveCfg = Release|Win32
		{768F09F9-5EC2-4C07-86E2-C29651D3A748}.Release|x86.Build.0 = Release|Win32
		{9C511B1F-8BB1-4910-A1B0-3E9CF0B23B80}.Debug|x64.ActiveCfg = Debug|x64
		{9C511B1F-8BB1-4910-A1B0-3E9CF0B23B80}.Debug|x64.Build.0 = Debug|x64
		{9C511B1F-8BB1-4910-A1B0-3E9CF0B23B80}.Debug|x86.ActiveCfg = Debug|Win32
		{9C511B1F-8BB1-4910-A1B0-3E9CF0B23B80}.Debug|x86.Build.0 = Debug|Win32
		{9C511B1F-8BB1-4910-A1B0-3E9CF0B23B80}.Release|x64.ActiveCfg = Release|x64
		{9C511B1F-8BB1-4910-A1B0-3E9CF0B23B80}.Release|x64.Build.0 = Release|x64
		{9C511B1F-8BB1-4910-A1B0-3E9CF0B23B80}.Release|x86.ActiveCfg = Release|Win32
		{9C511B1F-8BB1-4910-A1B0-3E9CF0B23B80}.Release|x86.Build.0 = Release|Win32
	EndGlobalSection
	GlobalSection(SolutionProperties) = preSolution
		HideSolutionNode = FALSE
	EndGlobalSection
	GlobalSection(ExtensibilityGlobals) = postSolution
		SolutionGuid = {6C3FE16E-746E-4701-AA3E-B3A2DA358F67}
	EndGlobalSection
EndGlobal
