
Microsoft Visual Studio Solution File, Format Version 12.00
# Visual Studio Version 17
VisualStudioVersion = 17.11.35303.130
MinimumVisualStudioVersion = 10.0.40219.1
Project("{8BC9CEB8-8B4A-11D0-8D11-00A0C91BC942}") = "Lighting_intro", "Lighting_intro\Lighting_intro.vcxproj", "{768F09F9-5EC2-4C07-86E2-C29651D3A748}"
EndProject
Project("{8BC9CEB8-8B4A-11D0-8D11-00A0C91BC942}") = "Phong_Model", "Phong_Model\Phong_Model.vcxproj", "{9C511B1F-8BB1-4910-A1B0-3E9CF0B23B80}"
EndProject
Project("{8BC9CEB8-8B4A-11D0-8D11-00A0C91BC942}") = "PhongModel_TwoSidedShading", "PhongModel_TwoSidedShading\PhongModel_TwoSidedShading.vcxproj", "{7A75C02B-2EE4-4CF2-997B-09C5CCFE3F9E}"
EndProject
Project("{8BC9CEB8-8B4A-11D0-8D11-00A0C91BC942}") = "Flat_Shading", "Flat_Shading\Flat_Shading.vcxproj", "{1D7BC120-5DAA-438F-83CF-2FCF17512563}"
EndProject
Project("{8BC9CEB8-8B4A-11D0-8D11-00A0C91BC942}") = "Shader_Functionality", "Shader_Functionality\Shader_Functionality.vcxproj", "{27B45BA0-C0C2-4803-8B6C-DC5DDBD60B6D}"
EndProject
Global
	GlobalSection(SolutionConfigurationPlatforms) = preSolution
		Debug|x64 = Debug|x64
		Debug|x86 = Debug|x86
		Release|x64 = Release|x64
		Release|x86 = Release|x86
	EndGlobalSection
	GlobalSection(ProjectConfigurationPlatforms) = postSolution
		{768F09F9-5EC2-4C07-86E2-C29651D3A748}.Debug|x64.ActiveCfg = Debug|x64
		{768F09F9-5EC2-4C07-86E2-C29651D3A748}.Debug|x64.Build.0 = Debug|x64
		{768F09F9-5EC2-4C07-86E2-C29651D3A748}.Debug|x86.ActiveCfg = Debug|Win32
		{768F09F9-5EC2-4C07-86E2-C29651D3A748}.Debug|x86.Build.0 = Debug|Win32
		{768F09F9-5EC2-4C07-86E2-C29651D3A748}.Release|x64.ActiveCfg = Release|x64
		{768F09F9-5EC2-4C07-86E2-C29651D3A748}.Release|x64.Build.0 = Release|x64
		{768F09F9-5EC2-4C07-86E2-C29651D3A748}.Release|x86.ActiveCfg = Release|Win32
		{768F09F9-5EC2-4C07-86E2-C29651D3A748}.Release|x86.Build.0 = Release|Win32
		{9C511B1F-8BB1-4910-A1B0-3E9CF0B23B80}.Debug|x64.ActiveCfg = Debug|x64
		{9C511B1F-8BB1-4910-A1B0-3E9CF0B23B80}.Debug|x64.Build.0 = Debug|x64
		{9C511B1F-8BB1-4910-A1B0-3E9CF0B23B80}.Debug|x86.ActiveCfg = Debug|Win32
		{9C511B1F-8BB1-4910-A1B0-3E9CF0B23B80}.Debug|x86.Build.0 = Debug|Win32
		{9C511B1F-8BB1-4910-A1B0-3E9CF0B23B80}.Release|x64.ActiveCfg = Release|x64
		{9C511B1F-8BB1-4910-A1B0-3E9CF0B23B80}.Release|x64.Build.0 = Release|x64
		{9C511B1F-8BB1-4910-A1B0-3E9CF0B23B80}.Release|x86.ActiveCfg = Release|Win32
		{9C511B1F-8BB1-4910-A1B0-3E9CF0B23B80}.Release|x86.Build.0 = Release|Win32
		{7A75C02B-2EE4-4CF2-997B-09C5CCFE3F9E}.Debug|x64.ActiveCfg = Debug|x64
		{7A75C02B-2EE4-4CF2-997B-09C5CCFE3F9E}.Debug|x64.Build.0 = Debug|x64
		{7A75C02B-2EE4-4CF2-997B-09C5CCFE3F9E}.Debug|x86.ActiveCfg = Debug|Win32
		{7A75C02B-2EE4-4CF2-997B-09C5CCFE3F9E}.Debug|x86.Build.0 = Debug|Win32
		{7A75C02B-2EE4-4CF2-997B-09C5CCFE3F9E}.Release|x64.ActiveCfg = Release|x64
		{7A75C02B-2EE4-4CF2-997B-09C5CCFE3F9E}.Release|x64.Build.0 = Release|x64
		{7A75C02B-2EE4-4CF2-997B-09C5CCFE3F9E}.Release|x86.ActiveCfg = Release|Win32
		{7A75C02B-2EE4-4CF2-997B-09C5CCFE3F9E}.Release|x86.Build.0 = Release|Win32
		{1D7BC120-5DAA-438F-83CF-2FCF17512563}.Debug|x64.ActiveCfg = Debug|x64
		{1D7BC120-5DAA-438F-83CF-2FCF17512563}.Debug|x64.Build.0 = Debug|x64
		{1D7BC120-5DAA-438F-83CF-2FCF17512563}.Debug|x86.ActiveCfg = Debug|Win32
		{1D7BC120-5DAA-438F-83CF-2FCF17512563}.Debug|x86.Build.0 = Debug|Win32
		{1D7BC120-5DAA-438F-83CF-2FCF17512563}.Release|x64.ActiveCfg = Release|x64
		{1D7BC120-5DAA-438F-83CF-2FCF17512563}.Release|x64.Build.0 = Release|x64
		{1D7BC120-5DAA-438F-83CF-2FCF17512563}.Release|x86.ActiveCfg = Release|Win32
		{1D7BC120-5DAA-438F-83CF-2FCF17512563}.Release|x86.Build.0 = Release|Win32
		{27B45BA0-C0C2-4803-8B6C-DC5DDBD60B6D}.Debug|x64.ActiveCfg = Debug|x64
		{27B45BA0-C0C2-4803-8B6C-DC5DDBD60B6D}.Debug|x64.Build.0 = Debug|x64
		{27B45BA0-C0C2-4803-8B6C-DC5DDBD60B6D}.Debug|x86.ActiveCfg = Debug|Win32
		{27B45BA0-C0C2-4803-8B6C-DC5DDBD60B6D}.Debug|x86.Build.0 = Debug|Win32
		{27B45BA0-C0C2-4803-8B6C-DC5DDBD60B6D}.Release|x64.ActiveCfg = Release|x64
		{27B45BA0-C0C2-4803-8B6C-DC5DDBD60B6D}.Release|x64.Build.0 = Release|x64
		{27B45BA0-C0C2-4803-8B6C-DC5DDBD60B6D}.Release|x86.ActiveCfg = Release|Win32
		{27B45BA0-C0C2-4803-8B6C-DC5DDBD60B6D}.Release|x86.Build.0 = Release|Win32
	EndGlobalSection
	GlobalSection(SolutionProperties) = preSolution
		HideSolutionNode = FALSE
	EndGlobalSection
	GlobalSection(ExtensibilityGlobals) = postSolution
		SolutionGuid = {6C3FE16E-746E-4701-AA3E-B3A2DA358F67}
	EndGlobalSection
EndGlobal
